
Microsoft Visual Studio Solution File, Format Version 12.00
# Visual Studio Version 17
VisualStudioVersion = 17.0.31717.71
MinimumVisualStudioVersion = 10.0.40219.1
Project("{9A19103F-16F7-4668-BE54-9A1E7A4F7556}") = "Altinn.Dan.Plugin.Banking.Test", "test\Altinn.Dan.Plugin.Banking.Test\Altinn.Dan.Plugin.Banking.Test.csproj", "{D41CBB44-7146-456E-9BC0-975C2639CB6F}"
EndProject
Project("{9A19103F-16F7-4668-BE54-9A1E7A4F7556}") = "Altinn.Dan.Plugin.Banking", "src\Altinn.Dan.Plugin.Banking\Altinn.Dan.Plugin.Banking.csproj", "{6B4A375D-4416-4E9E-9732-05D4FC8BAEED}"
EndProject
Global
	GlobalSection(SolutionConfigurationPlatforms) = preSolution
		Debug|Any CPU = Debug|Any CPU
		Release|Any CPU = Release|Any CPU
	EndGlobalSection
	GlobalSection(ProjectConfigurationPlatforms) = postSolution
		{D41CBB44-7146-456E-9BC0-975C2639CB6F}.Debug|Any CPU.ActiveCfg = Debug|Any CPU
		{D41CBB44-7146-456E-9BC0-975C2639CB6F}.Debug|Any CPU.Build.0 = Debug|Any CPU
		{D41CBB44-7146-456E-9BC0-975C2639CB6F}.Release|Any CPU.ActiveCfg = Release|Any CPU
		{D41CBB44-7146-456E-9BC0-975C2639CB6F}.Release|Any CPU.Build.0 = Release|Any CPU
		{6B4A375D-4416-4E9E-9732-05D4FC8BAEED}.Debug|Any CPU.ActiveCfg = Debug|Any CPU
		{6B4A375D-4416-4E9E-9732-05D4FC8BAEED}.Debug|Any CPU.Build.0 = Debug|Any CPU
		{6B4A375D-4416-4E9E-9732-05D4FC8BAEED}.Release|Any CPU.ActiveCfg = Release|Any CPU
		{6B4A375D-4416-4E9E-9732-05D4FC8BAEED}.Release|Any CPU.Build.0 = Release|Any CPU
	EndGlobalSection
	GlobalSection(SolutionProperties) = preSolution
		HideSolutionNode = FALSE
	EndGlobalSection
	GlobalSection(ExtensibilityGlobals) = postSolution
		SolutionGuid = {9C136489-16DA-43F4-A16A-9038157D6FDF}
	EndGlobalSection
EndGlobal
